
Microsoft Visual Studio Solution File, Format Version 12.00
# Visual Studio Version 17
VisualStudioVersion = 17.0.31903.59
MinimumVisualStudioVersion = 10.0.40219.1
Project("{FAE04EC0-301F-11D3-BF4B-00C04F79EFBC}") = "ConsoleApp1", "ConsoleApp1\ConsoleApp1.csproj", "{CE02F9C9-5104-4A9E-9020-0EC523A4B7E2}"
EndProject
Project("{FAE04EC0-301F-11D3-BF4B-00C04F79EFBC}") = "Puissance", "Puissance\Puissance.csproj", "{E5F0FFB9-1F18-4FFD-AF05-83E3172A8105}"
EndProject
Global
	GlobalSection(SolutionConfigurationPlatforms) = preSolution
		Debug|Any CPU = Debug|Any CPU
		Debug|x64 = Debug|x64
		Debug|x86 = Debug|x86
		Release|Any CPU = Release|Any CPU
		Release|x64 = Release|x64
		Release|x86 = Release|x86
	EndGlobalSection
	GlobalSection(ProjectConfigurationPlatforms) = postSolution
		{CE02F9C9-5104-4A9E-9020-0EC523A4B7E2}.Debug|Any CPU.ActiveCfg = Debug|Any CPU
		{CE02F9C9-5104-4A9E-9020-0EC523A4B7E2}.Debug|Any CPU.Build.0 = Debug|Any CPU
		{CE02F9C9-5104-4A9E-9020-0EC523A4B7E2}.Debug|x64.ActiveCfg = Debug|Any CPU
		{CE02F9C9-5104-4A9E-9020-0EC523A4B7E2}.Debug|x64.Build.0 = Debug|Any CPU
		{CE02F9C9-5104-4A9E-9020-0EC523A4B7E2}.Debug|x86.ActiveCfg = Debug|Any CPU
		{CE02F9C9-5104-4A9E-9020-0EC523A4B7E2}.Debug|x86.Build.0 = Debug|Any CPU
		{CE02F9C9-5104-4A9E-9020-0EC523A4B7E2}.Release|Any CPU.ActiveCfg = Release|Any CPU
		{CE02F9C9-5104-4A9E-9020-0EC523A4B7E2}.Release|Any CPU.Build.0 = Release|Any CPU
		{CE02F9C9-5104-4A9E-9020-0EC523A4B7E2}.Release|x64.ActiveCfg = Release|Any CPU
		{CE02F9C9-5104-4A9E-9020-0EC523A4B7E2}.Release|x64.Build.0 = Release|Any CPU
		{CE02F9C9-5104-4A9E-9020-0EC523A4B7E2}.Release|x86.ActiveCfg = Release|Any CPU
		{CE02F9C9-5104-4A9E-9020-0EC523A4B7E2}.Release|x86.Build.0 = Release|Any CPU
		{E5F0FFB9-1F18-4FFD-AF05-83E3172A8105}.Debug|Any CPU.ActiveCfg = Debug|Any CPU
		{E5F0FFB9-1F18-4FFD-AF05-83E3172A8105}.Debug|Any CPU.Build.0 = Debug|Any CPU
		{E5F0FFB9-1F18-4FFD-AF05-83E3172A8105}.Debug|x64.ActiveCfg = Debug|Any CPU
		{E5F0FFB9-1F18-4FFD-AF05-83E3172A8105}.Debug|x64.Build.0 = Debug|Any CPU
		{E5F0FFB9-1F18-4FFD-AF05-83E3172A8105}.Debug|x86.ActiveCfg = Debug|Any CPU
		{E5F0FFB9-1F18-4FFD-AF05-83E3172A8105}.Debug|x86.Build.0 = Debug|Any CPU
		{E5F0FFB9-1F18-4FFD-AF05-83E3172A8105}.Release|Any CPU.ActiveCfg = Release|Any CPU
		{E5F0FFB9-1F18-4FFD-AF05-83E3172A8105}.Release|Any CPU.Build.0 = Release|Any CPU
		{E5F0FFB9-1F18-4FFD-AF05-83E3172A8105}.Release|x64.ActiveCfg = Release|Any CPU
		{E5F0FFB9-1F18-4FFD-AF05-83E3172A8105}.Release|x64.Build.0 = Release|Any CPU
		{E5F0FFB9-1F18-4FFD-AF05-83E3172A8105}.Release|x86.ActiveCfg = Release|Any CPU
		{E5F0FFB9-1F18-4FFD-AF05-83E3172A8105}.Release|x86.Build.0 = Release|Any CPU
	EndGlobalSection
	GlobalSection(SolutionProperties) = preSolution
		HideSolutionNode = FALSE
	EndGlobalSection
EndGlobal
